{
  "name": "brackets-manager-example",
  "version": "1.0.0",
  "lockfileVersion": 1,
  "requires": true,
  "dependencies": {
    "@types/node": {
      "version": "16.11.9",
      "resolved": "https://registry.npmjs.org/@types/node/-/node-16.11.9.tgz",
      "integrity": "sha512-MKmdASMf3LtPzwLyRrFjtFFZ48cMf8jmX5VRYrDQiJa8Ybu5VAmkqBWqKU8fdCwD8ysw4mQ9nrEHvzg6gunR7A==",
      "dev": true
    },
    "brackets-manager": {
      "version": "1.3.9",
      "resolved": "https://registry.npmjs.org/brackets-manager/-/brackets-manager-1.3.9.tgz",
      "integrity": "sha512-PehoVu8WDn0/eQAa6MfrPmEd2cey36Oa5e2yAqUPElUHWCnhmeArQrhzRukCHeOs3xOmFS9e4icgqgvZx8sqOQ==",
      "requires": {
        "brackets-model": "^1.3.9"
      }
    },
    "brackets-memory-db": {
      "version": "0.1.0",
      "resolved": "https://registry.npmjs.org/brackets-memory-db/-/brackets-memory-db-0.1.0.tgz",
      "integrity": "sha512-0Iuw2pQ5TmUM7KBezyxf5Piheq9IdP2M5LBWT34pn7gP9gd0A4jJnYNrE0dk9sdG/nOoOXMvSWI+3tEdxFSAvQ=="
    },
    "brackets-model": {
      "version": "1.3.9",
      "resolved": "https://registry.npmjs.org/brackets-model/-/brackets-model-1.3.9.tgz",
      "integrity": "sha512-l8cHaoWKVfRh5VomiEfOum+jEkvwhYL0UoE3/Xkwu5mB6PpFFQyUrw3GDekP+R3cRcAbS6rJHheEubaCzzDKNA=="
    },
    "typescript": {
      "version": "4.5.2",
      "resolved": "https://registry.npmjs.org/typescript/-/typescript-4.5.2.tgz",
      "integrity": "sha512-5BlMof9H1yGt0P8/WF+wPNw6GfctgGjXp5hkblpyT+8rkASSmkUKMXrxR0Xg8ThVCi/JnHQiKXeBaEwCeQwMFw==",
      "dev": true
    }
  }
}
